<?xml version="1.0" encoding="utf-8"?>
<Project ToolsVersion="4.0" xmlns="http://schemas.microsoft.com/developer/msbuild/2003">
  <ItemGroup>
    <Filter Include="Res">
      <UniqueIdentifier>{2F1D880B-9B26-887C-24A2-9E7C90AA937C}</UniqueIdentifier>
    </Filter>
    <Filter Include="Res\Textures">
      <UniqueIdentifier>{E23376DC-CE96-0581-771C-3E37635ED103}</UniqueIdentifier>
    </Filter>
    <Filter Include="Res\Textures\Blocks">
      <UniqueIdentifier>{6F4A03EF-DBAB-E0FC-6419-27AFD07917BC}</UniqueIdentifier>
    </Filter>
    <Filter Include="Res\Textures\Blocks\Dirt">
      <UniqueIdentifier>{11BF076D-FDE3-56ED-262F-3C7D12B3550B}</UniqueIdentifier>
    </Filter>
    <Filter Include="Res\Textures\Blocks\Grass">
      <UniqueIdentifier>{1E923A0E-8A54-6E98-D304-FD243F064776}</UniqueIdentifier>
    </Filter>
    <Filter Include="Res\Textures\Blocks\Stone">
      <UniqueIdentifier>{C70B150F-33CE-4899-7C7E-D725E87F2177}</UniqueIdentifier>
    </Filter>
    <Filter Include="Source">
      <UniqueIdentifier>{56EB95D1-428D-C0A7-2B48-D4FB178947F8}</UniqueIdentifier>
    </Filter>
    <Filter Include="Source\Application">
      <UniqueIdentifier>{19D87881-05BC-39D7-6E1C-342A5A1F2459}</UniqueIdentifier>
    </Filter>
    <Filter Include="Source\Application\Context">
      <UniqueIdentifier>{AD5B8069-996B-2C3A-0225-9158EE531BD3}</UniqueIdentifier>
    </Filter>
    <Filter Include="Source\Application\GameState">
      <UniqueIdentifier>{63501E40-4F0B-0EEC-F8C2-8636E45C587C}</UniqueIdentifier>
    </Filter>
    <Filter Include="Source\Config">
      <UniqueIdentifier>{9B89CE2A-074A-4A61-D084-93DE3C048F3D}</UniqueIdentifier>
    </Filter>
    <Filter Include="Source\Controls">
      <UniqueIdentifier>{39D39919-A55E-07DE-AE6F-8AD21A7A63DE}</UniqueIdentifier>
    </Filter>
    <Filter Include="Source\Direction">
      <UniqueIdentifier>{2681A447-127A-C399-3BAC-A81E2704A3A5}</UniqueIdentifier>
    </Filter>
    <Filter Include="Source\Entity">
      <UniqueIdentifier>{E21A6A2F-4EDB-E565-1716-2FE383952A42}</UniqueIdentifier>
    </Filter>
    <Filter Include="Source\Entity\Camera">
      <UniqueIdentifier>{1A5D3A7B-06EC-C344-AF0A-D83F9B78D4EA}</UniqueIdentifier>
    </Filter>
    <Filter Include="Source\Entity\Player">
      <UniqueIdentifier>{BE394E9A-AAC8-D763-53E7-EB5E3F55E809}</UniqueIdentifier>
    </Filter>
    <Filter Include="Source\Maths">
      <UniqueIdentifier>{429475F2-2EF7-0497-D77C-3D4DC3BED019}</UniqueIdentifier>
    </Filter>
    <Filter Include="Source\Mesh">
      <UniqueIdentifier>{D2E61A0F-3E9C-9304-C790-8DDB33458A08}</UniqueIdentifier>
    </Filter>
    <Filter Include="Source\Model">
      <UniqueIdentifier>{16FD7CF2-0260-0C97-ABE5-444D9727D819}</UniqueIdentifier>
    </Filter>
    <Filter Include="Source\Renderer">
      <UniqueIdentifier>{BC4F86EE-28DB-F3B2-31EC-76A79DF64FB3}</UniqueIdentifier>
    </Filter>
    <Filter Include="Source\Shader">
      <UniqueIdentifier>{3C3E9B4F-A8FE-1686-7139-6003DDB85B62}</UniqueIdentifier>
    </Filter>
    <Filter Include="Source\Texture">
      <UniqueIdentifier>{B606A78A-A2D4-9A90-8B68-0BB777D576F5}</UniqueIdentifier>
    </Filter>
    <Filter Include="Source\Util">
      <UniqueIdentifier>{63881F0F-CF3D-9804-5832-92DBC4E68E08}</UniqueIdentifier>
    </Filter>
    <Filter Include="Source\World">
      <UniqueIdentifier>{8D2E32F3-7991-C197-2217-FA4D0E598D1A}</UniqueIdentifier>
    </Filter>
    <Filter Include="Source\World\Block">
      <UniqueIdentifier>{6709FADF-53ED-BA35-BC4D-B588A850A5B7}</UniqueIdentifier>
    </Filter>
    <Filter Include="Source\World\Chunk">
      <UniqueIdentifier>{550B0AE0-41EF-CA35-AA4F-C5889652B5B7}</UniqueIdentifier>
    </Filter>
  </ItemGroup>
  <ItemGroup>
    <ClInclude Include="Source\Application\Application.hpp">
      <Filter>Source\Application</Filter>
    </ClInclude>
    <ClInclude Include="Source\Application\Context\Context.hpp">
      <Filter>Source\Application\Context</Filter>
    </ClInclude>
    <ClInclude Include="Source\Application\GameState\GameState.hpp">
      <Filter>Source\Application\GameState</Filter>
    </ClInclude>
    <ClInclude Include="Source\Application\GameState\PlayingState.hpp">
      <Filter>Source\Application\GameState</Filter>
    </ClInclude>
    <ClInclude Include="Source\Application\GameState\StateManager.hpp">
      <Filter>Source\Application\GameState</Filter>
    </ClInclude>
    <ClInclude Include="Source\Config\Config.hpp">
      <Filter>Source\Config</Filter>
    </ClInclude>
    <ClInclude Include="Source\Controls\Controls.hpp">
      <Filter>Source\Controls</Filter>
    </ClInclude>
    <ClInclude Include="Source\Direction\Direction.hpp">
      <Filter>Source\Direction</Filter>
    </ClInclude>
    <ClInclude Include="Source\Entity\Camera\Camera.hpp">
      <Filter>Source\Entity\Camera</Filter>
    </ClInclude>
    <ClInclude Include="Source\Entity\Entity.hpp">
      <Filter>Source\Entity</Filter>
    </ClInclude>
    <ClInclude Include="Source\Entity\Player\MouseParams.hpp">
      <Filter>Source\Entity\Player</Filter>
    </ClInclude>
    <ClInclude Include="Source\Entity\Player\Player.hpp">
      <Filter>Source\Entity\Player</Filter>
    </ClInclude>
    <ClInclude Include="Source\Maths\Matrix.hpp">
      <Filter>Source\Maths</Filter>
    </ClInclude>
    <ClInclude Include="Source\Maths\Perlin.hpp">
      <Filter>Source\Maths</Filter>
    </ClInclude>
    <ClInclude Include="Source\Maths\Ray.hpp">
      <Filter>Source\Maths</Filter>
    </ClInclude>
    <ClInclude Include="Source\Mesh\Mesh.hpp">
      <Filter>Source\Mesh</Filter>
    </ClInclude>
    <ClInclude Include="Source\Model\Model.hpp">
      <Filter>Source\Model</Filter>
    </ClInclude>
    <ClInclude Include="Source\Renderer\ChunkRenderer.hpp">
      <Filter>Source\Renderer</Filter>
    </ClInclude>
    <ClInclude Include="Source\Renderer\RenderMaster.hpp">
      <Filter>Source\Renderer</Filter>
    </ClInclude>
    <ClInclude Include="Source\Shader\BasicShader.hpp">
      <Filter>Source\Shader</Filter>
    </ClInclude>
    <ClInclude Include="Source\Shader\Shader.hpp">
      <Filter>Source\Shader</Filter>
    </ClInclude>
    <ClInclude Include="Source\Shader\ShaderLoader.hpp">
      <Filter>Source\Shader</Filter>
    </ClInclude>
    <ClInclude Include="Source\Shader\ShaderSource.hpp">
      <Filter>Source\Shader</Filter>
    </ClInclude>
    <ClInclude Include="Source\Texture\BasicTexture.hpp">
      <Filter>Source\Texture</Filter>
    </ClInclude>
    <ClInclude Include="Source\Texture\TexturePaths.hpp">
      <Filter>Source\Texture</Filter>
    </ClInclude>
    <ClInclude Include="Source\Util\NonCopyable.hpp">
      <Filter>Source\Util</Filter>
    </ClInclude>
    <ClInclude Include="Source\World\Block\Block.hpp">
      <Filter>Source\World\Block</Filter>
    </ClInclude>
    <ClInclude Include="Source\World\Block\BlockFace.hpp">
      <Filter>Source\World\Block</Filter>
    </ClInclude>
    <ClInclude Include="Source\World\Block\BlockID.hpp">
      <Filter>Source\World\Block</Filter>
    </ClInclude>
    <ClInclude Include="Source\World\Block\BlockMesh.hpp">
      <Filter>Source\World\Block</Filter>
    </ClInclude>
    <ClInclude Include="Source\World\Chunk\Chunk.hpp">
      <Filter>Source\World\Chunk</Filter>
    </ClInclude>
    <ClInclude Include="Source\World\Chunk\ChunkModelGenerator.hpp">
      <Filter>Source\World\Chunk</Filter>
    </ClInclude>
    <ClInclude Include="Source\World\Chunk\ChunkPopulator.hpp">
      <Filter>Source\World\Chunk</Filter>
    </ClInclude>
    <ClInclude Include="Source\World\Chunk\ChunkSection.hpp">
      <Filter>Source\World\Chunk</Filter>
    </ClInclude>
    <ClInclude Include="Source\World\ChunkManager.hpp">
      <Filter>Source\World</Filter>
    </ClInclude>
    <ClInclude Include="Source\World\World.hpp">
      <Filter>Source\World</Filter>
    </ClInclude>
    <ClInclude Include="Source\World\WorldConstants.hpp">
      <Filter>Source\World</Filter>
    </ClInclude>
    <ClInclude Include="Source\World\WorldGenerator.hpp">
      <Filter>Source\World</Filter>
    </ClInclude>
  </ItemGroup>
  <ItemGroup>
    <ClCompile Include="Source\Application\Application.cpp">
      <Filter>Source\Application</Filter>
    </ClCompile>
    <ClCompile Include="Source\Application\Context\Context.cpp">
      <Filter>Source\Application\Context</Filter>
    </ClCompile>
    <ClCompile Include="Source\Application\GameState\PlayingState.cpp">
      <Filter>Source\Application\GameState</Filter>
    </ClCompile>
    <ClCompile Include="Source\Application\GameState\StateManager.cpp">
      <Filter>Source\Application\GameState</Filter>
    </ClCompile>
    <ClCompile Include="Source\Direction\Direction.cpp">
      <Filter>Source\Direction</Filter>
    </ClCompile>
    <ClCompile Include="Source\Entity\Camera\Camera.cpp">
      <Filter>Source\Entity\Camera</Filter>
    </ClCompile>
    <ClCompile Include="Source\Entity\Player\Player.cpp">
      <Filter>Source\Entity\Player</Filter>
    </ClCompile>
    <ClCompile Include="Source\Maths\Matrix.cpp">
      <Filter>Source\Maths</Filter>
    </ClCompile>
    <ClCompile Include="Source\Maths\Perlin.cpp">
      <Filter>Source\Maths</Filter>
    </ClCompile>
    <ClCompile Include="Source\Maths\Ray.cpp">
      <Filter>Source\Maths</Filter>
    </ClCompile>
    <ClCompile Include="Source\Model\Model.cpp">
      <Filter>Source\Model</Filter>
    </ClCompile>
    <ClCompile Include="Source\Renderer\ChunkRenderer.cpp">
      <Filter>Source\Renderer</Filter>
    </ClCompile>
    <ClCompile Include="Source\Renderer\RenderMaster.cpp">
      <Filter>Source\Renderer</Filter>
    </ClCompile>
    <ClCompile Include="Source\Shader\BasicShader.cpp">
      <Filter>Source\Shader</Filter>
    </ClCompile>
    <ClCompile Include="Source\Shader\Shader.cpp">
      <Filter>Source\Shader</Filter>
    </ClCompile>
    <ClCompile Include="Source\Source.cpp">
      <Filter>Source</Filter>
    </ClCompile>
    <ClCompile Include="Source\Texture\BasicTexture.cpp">
      <Filter>Source\Texture</Filter>
    </ClCompile>
    <ClCompile Include="Source\Texture\TexturePaths.cpp">
      <Filter>Source\Texture</Filter>
    </ClCompile>
    <ClCompile Include="Source\World\Block\Block.cpp">
      <Filter>Source\World\Block</Filter>
    </ClCompile>
    <ClCompile Include="Source\World\Block\BlockMesh.cpp">
      <Filter>Source\World\Block</Filter>
    </ClCompile>
    <ClCompile Include="Source\World\Chunk\Chunk.cpp">
      <Filter>Source\World\Chunk</Filter>
    </ClCompile>
    <ClCompile Include="Source\World\Chunk\ChunkModelGenerator.cpp">
      <Filter>Source\World\Chunk</Filter>
    </ClCompile>
    <ClCompile Include="Source\World\Chunk\ChunkPopulator.cpp">
      <Filter>Source\World\Chunk</Filter>
    </ClCompile>
    <ClCompile Include="Source\World\Chunk\ChunkSection.cpp">
      <Filter>Source\World\Chunk</Filter>
    </ClCompile>
    <ClCompile Include="Source\World\ChunkManager.cpp">
      <Filter>Source\World</Filter>
    </ClCompile>
    <ClCompile Include="Source\World\World.cpp">
      <Filter>Source\World</Filter>
    </ClCompile>
    <ClCompile Include="Source\World\WorldGenerator.cpp">
      <Filter>Source\World</Filter>
    </ClCompile>
  </ItemGroup>
  <ItemGroup>
    <None Include="Res\BlockDatabase.txt">
      <Filter>Res</Filter>
    </None>
  </ItemGroup>
  <ItemGroup>
    <Image Include="Res\Textures\Blocks\Dirt\Bottom.png">
      <Filter>Res\Textures\Blocks\Dirt</Filter>
    </Image>
    <Image Include="Res\Textures\Blocks\Dirt\Side1.png">
      <Filter>Res\Textures\Blocks\Dirt</Filter>
    </Image>
    <Image Include="Res\Textures\Blocks\Dirt\Side2.png">
      <Filter>Res\Textures\Blocks\Dirt</Filter>
    </Image>
    <Image Include="Res\Textures\Blocks\Dirt\Side3.png">
      <Filter>Res\Textures\Blocks\Dirt</Filter>
    </Image>
    <Image Include="Res\Textures\Blocks\Dirt\Side4.png">
      <Filter>Res\Textures\Blocks\Dirt</Filter>
    </Image>
    <Image Include="Res\Textures\Blocks\Dirt\Top.png">
      <Filter>Res\Textures\Blocks\Dirt</Filter>
    </Image>
    <Image Include="Res\Textures\Blocks\Grass\Bottom.png">
      <Filter>Res\Textures\Blocks\Grass</Filter>
    </Image>
    <Image Include="Res\Textures\Blocks\Grass\Side1.png">
      <Filter>Res\Textures\Blocks\Grass</Filter>
    </Image>
    <Image Include="Res\Textures\Blocks\Grass\Side2.png">
      <Filter>Res\Textures\Blocks\Grass</Filter>
    </Image>
    <Image Include="Res\Textures\Blocks\Grass\Side3.png">
      <Filter>Res\Textures\Blocks\Grass</Filter>
    </Image>
    <Image Include="Res\Textures\Blocks\Grass\Side4.png">
      <Filter>Res\Textures\Blocks\Grass</Filter>
    </Image>
    <Image Include="Res\Textures\Blocks\Grass\Top.png">
      <Filter>Res\Textures\Blocks\Grass</Filter>
    </Image>
    <Image Include="Res\Textures\Blocks\Stone\Bottom.png">
      <Filter>Res\Textures\Blocks\Stone</Filter>
    </Image>
    <Image Include="Res\Textures\Blocks\Stone\Side1.png">
      <Filter>Res\Textures\Blocks\Stone</Filter>
    </Image>
    <Image Include="Res\Textures\Blocks\Stone\Side2.png">
      <Filter>Res\Textures\Blocks\Stone</Filter>
    </Image>
    <Image Include="Res\Textures\Blocks\Stone\Side3.png">
      <Filter>Res\Textures\Blocks\Stone</Filter>
    </Image>
    <Image Include="Res\Textures\Blocks\Stone\Side4.png">
      <Filter>Res\Textures\Blocks\Stone</Filter>
    </Image>
    <Image Include="Res\Textures\Blocks\Stone\Top.png">
      <Filter>Res\Textures\Blocks\Stone</Filter>
    </Image>
  </ItemGroup>
</Project>